{
  "nodes": {
    "config": {
      "locked": {
        "dir": "example/defaultConfig",
        "lastModified": 1779219208,
        "narHash": "sha256-juI9haic9hWDZwH1GgQltR+xA/wk6opxcfwOByr6oFY=",
        "owner": "NiklasGollenstede",
        "repo": "nixos-installer",
        "rev": "f3732fb4babbac7500128adb149f3172e93598c5",
        "type": "github"
      },
      "original": {
        "dir": "example/defaultConfig",
        "owner": "NiklasGollenstede",
        "repo": "nixos-installer",
        "type": "github"
      }
    },
    "functions": {
      "inputs": {
        "nixpkgs": [
          "nixpkgs"
        ]
      },
      "locked": {
        "lastModified": 1783549116,
        "narHash": "sha256-D/Lz5H9QWfYCFfq3PbYpffO1iWk6bWCeVIH+lOT4/9o=",
        "owner": "NiklasGollenstede",
        "repo": "nix-functions",
        "rev": "9ef378ee4def1e27d3ddbd002af760d863c0c3ce",
        "type": "github"
      },
      "original": {
        "owner": "NiklasGollenstede",
        "repo": "nix-functions",
        "type": "github"
      }
    },
    "installer": {
      "inputs": {
        "config": "config",
        "functions": [
          "functions"
        ],
        "nixpkgs": [
          "nixpkgs"
        ],
        "systems": "systems"
      },
      "locked": {
        "lastModified": 1781718129,
        "narHash": "sha256-ljeEY6bu1cV4sxewSrLr/8/vhyMVcuL5tMfoKYGkh5o=",
        "owner": "NiklasGollenstede",
        "repo": "nixos-installer",
        "rev": "adde4dd050799a1b9236c5b2d0a2a6f0826480ed",
        "type": "github"
      },
      "original": {
        "owner": "NiklasGollenstede",
        "repo": "nixos-installer",
        "type": "github"
      }
    },
    "nixpkgs": {
      "locked": {
        "lastModified": 1781216227,
        "narHash": "sha256-9mUW6gNwoN2SWc/l0fW4svPNOulXLl8ijqKyeSOGgJE=",
        "owner": "NixOS",
        "repo": "nixpkgs",
        "rev": "a0374025a863d007d98e3297f6aa46cc3141c2f0",
        "type": "github"
      },
      "original": {
        "owner": "NixOS",
        "ref": "nixos-26.05",
        "repo": "nixpkgs",
        "type": "github"
      }
    },
    "root": {
      "inputs": {
        "functions": "functions",
        "installer": "installer",
        "nixpkgs": "nixpkgs",
        "systems": "systems_2"
      }
    },
    "systems": {
      "locked": {
        "lastModified": 1689347949,
        "narHash": "sha256-12tWmuL2zgBgZkdoB6qXZsgJEH9LR3oUgpaQq2RbI80=",
        "owner": "nix-systems",
        "repo": "default-linux",
        "rev": "31732fcf5e8fea42e59c2488ad31a0e651500f68",
        "type": "github"
      },
      "original": {
        "owner": "nix-systems",
        "repo": "default-linux",
        "type": "github"
      }
    },
    "systems_2": {
      "locked": {
        "lastModified": 1689347949,
        "narHash": "sha256-12tWmuL2zgBgZkdoB6qXZsgJEH9LR3oUgpaQq2RbI80=",
        "owner": "nix-systems",
        "repo": "default-linux",
        "rev": "31732fcf5e8fea42e59c2488ad31a0e651500f68",
        "type": "github"
      },
      "original": {
        "owner": "nix-systems",
        "repo": "default-linux",
        "type": "github"
      }
    }
  },
  "root": "root",
  "version": 7
}
